
Microsoft Visual Studio Solution File, Format Version 12.00
# Visual Studio Version 16
VisualStudioVersion = 16.0.30225.117
MinimumVisualStudioVersion = 10.0.40219.1
Project("{9A19103F-16F7-4668-BE54-9A1E7A4F7556}") = "GameServer", "GameServer\GameServer.csproj", "{F63353BB-E210-4D66-8734-A0BD3CCDBA0D}"
EndProject
Project("{9A19103F-16F7-4668-BE54-9A1E7A4F7556}") = "DatabaseAccess", "DatabaseAccess\DatabaseAccess.csproj", "{34E833F8-CE2D-41D1-B9D3-9D4B05EA3D5C}"
EndProject
Project("{9A19103F-16F7-4668-BE54-9A1E7A4F7556}") = "EntryPoint", "EntryPoint\EntryPoint.csproj", "{B0F0B63A-B6DC-4E2A-B025-516E0F551F0C}"
EndProject
Project("{9A19103F-16F7-4668-BE54-9A1E7A4F7556}") = "ServerCore", "Server\ServerCore.csproj", "{D0055DF1-69A8-42B4-85D9-634312CBCB4E}"
EndProject
Global
	GlobalSection(SolutionConfigurationPlatforms) = preSolution
		Debug|Any CPU = Debug|Any CPU
		Release|Any CPU = Release|Any CPU
	EndGlobalSection
	GlobalSection(ProjectConfigurationPlatforms) = postSolution
		{F63353BB-E210-4D66-8734-A0BD3CCDBA0D}.Debug|Any CPU.ActiveCfg = Debug|Any CPU
		{F63353BB-E210-4D66-8734-A0BD3CCDBA0D}.Debug|Any CPU.Build.0 = Debug|Any CPU
		{F63353BB-E210-4D66-8734-A0BD3CCDBA0D}.Release|Any CPU.ActiveCfg = Release|Any CPU
		{F63353BB-E210-4D66-8734-A0BD3CCDBA0D}.Release|Any CPU.Build.0 = Release|Any CPU
		{34E833F8-CE2D-41D1-B9D3-9D4B05EA3D5C}.Debug|Any CPU.ActiveCfg = Debug|Any CPU
		{34E833F8-CE2D-41D1-B9D3-9D4B05EA3D5C}.Debug|Any CPU.Build.0 = Debug|Any CPU
		{34E833F8-CE2D-41D1-B9D3-9D4B05EA3D5C}.Release|Any CPU.ActiveCfg = Release|Any CPU
		{34E833F8-CE2D-41D1-B9D3-9D4B05EA3D5C}.Release|Any CPU.Build.0 = Release|Any CPU
		{B0F0B63A-B6DC-4E2A-B025-516E0F551F0C}.Debug|Any CPU.ActiveCfg = Debug|Any CPU
		{B0F0B63A-B6DC-4E2A-B025-516E0F551F0C}.Debug|Any CPU.Build.0 = Debug|Any CPU
		{B0F0B63A-B6DC-4E2A-B025-516E0F551F0C}.Release|Any CPU.ActiveCfg = Release|Any CPU
		{B0F0B63A-B6DC-4E2A-B025-516E0F551F0C}.Release|Any CPU.Build.0 = Release|Any CPU
		{D0055DF1-69A8-42B4-85D9-634312CBCB4E}.Debug|Any CPU.ActiveCfg = Debug|Any CPU
		{D0055DF1-69A8-42B4-85D9-634312CBCB4E}.Debug|Any CPU.Build.0 = Debug|Any CPU
		{D0055DF1-69A8-42B4-85D9-634312CBCB4E}.Release|Any CPU.ActiveCfg = Release|Any CPU
		{D0055DF1-69A8-42B4-85D9-634312CBCB4E}.Release|Any CPU.Build.0 = Release|Any CPU
	EndGlobalSection
	GlobalSection(SolutionProperties) = preSolution
		HideSolutionNode = FALSE
	EndGlobalSection
	GlobalSection(ExtensibilityGlobals) = postSolution
		SolutionGuid = {49B832C2-10D1-486C-BB9D-DABBA50CFDE2}
	EndGlobalSection
EndGlobal
